{
  "version": "5",
  "redirects": {
    "https://esm.sh/@types/bcryptjs@~2.4.6/index.d.ts": "https://esm.sh/@types/bcryptjs@2.4.6/index.d.ts"
  },
  "remote": {
    "https://esm.sh/@supabase/supabase-js@2.112.3": "f6b9130984301066587e8917dfab3b3d60be47dc966bd3d04c733bc9423c1cf9",
    "https://esm.sh/bcryptjs@2.4.3": "49851f367e562ad6e108c851ced8948944ea392fd46e576f7fdb1eb9e1ffddf0"
  }
}
